
Microsoft Visual Studio Solution File, Format Version 12.00
# Visual Studio 14
VisualStudioVersion = 14.0.25123.0
MinimumVisualStudioVersion = 10.0.40219.1
Project("{2150E333-8FDC-42A3-9474-1A3956D46DE8}") = "ref", "ref", "{CABF1020-B981-4D9C-AB79-409123D746CC}"
EndProject
Project("{2150E333-8FDC-42A3-9474-1A3956D46DE8}") = "src", "src", "{91A9BE2D-F9A5-4C5C-8F12-C34F34967BA8}"
EndProject
Project("{2150E333-8FDC-42A3-9474-1A3956D46DE8}") = "tests", "tests", "{49386B8A-1FEC-4FFD-8565-E7372925961C}"
EndProject
Project("{FAE04EC0-301F-11D3-BF4B-00C04F79EFBC}") = "System.Runtime.Tests", "tests\System.Runtime.Tests.csproj", "{7F5F5134-00FE-4DE8-B20C-3DA8BA2EBA68}"
	ProjectSection(ProjectDependencies) = postProject
		{ADBCF120-3454-4A3C-9D1D-AC4293E795D6} = {ADBCF120-3454-4A3C-9D1D-AC4293E795D6}
		{56B9D0A9-44D3-488E-8B42-C14A6E30CAB2} = {56B9D0A9-44D3-488E-8B42-C14A6E30CAB2}
	EndProjectSection
EndProject
Project("{FAE04EC0-301F-11D3-BF4B-00C04F79EFBC}") = "System.Runtime.Performance.Tests", "tests\Performance\System.Runtime.Performance.Tests.csproj", "{DA859552-898C-4098-BE42-063BD7EE5394}"
EndProject
Project("{FAE04EC0-301F-11D3-BF4B-00C04F79EFBC}") = "System.Runtime", "ref\System.Runtime.csproj", "{ADBCF120-3454-4A3C-9D1D-AC4293E795D6}"
EndProject
Project("{FAE04EC0-301F-11D3-BF4B-00C04F79EFBC}") = "System.Runtime", "src\System.Runtime.csproj", "{56B9D0A9-44D3-488E-8B42-C14A6E30CAB2}"
EndProject
Global
	GlobalSection(SolutionConfigurationPlatforms) = preSolution
		Debug|Any CPU = Debug|Any CPU
		Release|Any CPU = Release|Any CPU
	EndGlobalSection
	GlobalSection(ProjectConfigurationPlatforms) = postSolution
		{7F5F5134-00FE-4DE8-B20C-3DA8BA2EBA68}.Debug|Any CPU.ActiveCfg = netcoreapp-Debug|Any CPU
		{7F5F5134-00FE-4DE8-B20C-3DA8BA2EBA68}.Debug|Any CPU.Build.0 = netcoreapp-Debug|Any CPU
		{7F5F5134-00FE-4DE8-B20C-3DA8BA2EBA68}.Release|Any CPU.ActiveCfg = netcoreapp-Release|Any CPU
		{7F5F5134-00FE-4DE8-B20C-3DA8BA2EBA68}.Release|Any CPU.Build.0 = netcoreapp-Release|Any CPU
		{DA859552-898C-4098-BE42-063BD7EE5394}.Debug|Any CPU.ActiveCfg = Debug|Any CPU
		{DA859552-898C-4098-BE42-063BD7EE5394}.Debug|Any CPU.Build.0 = Debug|Any CPU
		{DA859552-898C-4098-BE42-063BD7EE5394}.Release|Any CPU.ActiveCfg = Release|Any CPU
		{DA859552-898C-4098-BE42-063BD7EE5394}.Release|Any CPU.Build.0 = Release|Any CPU
		{ADBCF120-3454-4A3C-9D1D-AC4293E795D6}.Debug|Any CPU.ActiveCfg = Debug|Any CPU
		{ADBCF120-3454-4A3C-9D1D-AC4293E795D6}.Debug|Any CPU.Build.0 = Debug|Any CPU
		{ADBCF120-3454-4A3C-9D1D-AC4293E795D6}.Release|Any CPU.ActiveCfg = Debug|Any CPU
		{ADBCF120-3454-4A3C-9D1D-AC4293E795D6}.Release|Any CPU.Build.0 = Debug|Any CPU
		{56B9D0A9-44D3-488E-8B42-C14A6E30CAB2}.Debug|Any CPU.ActiveCfg = netcoreapp-Debug|Any CPU
		{56B9D0A9-44D3-488E-8B42-C14A6E30CAB2}.Debug|Any CPU.Build.0 = netcoreapp-Debug|Any CPU
		{56B9D0A9-44D3-488E-8B42-C14A6E30CAB2}.Release|Any CPU.ActiveCfg = netcoreapp-Release|Any CPU
		{56B9D0A9-44D3-488E-8B42-C14A6E30CAB2}.Release|Any CPU.Build.0 = netcoreapp-Release|Any CPU
	EndGlobalSection
	GlobalSection(SolutionProperties) = preSolution
		HideSolutionNode = FALSE
	EndGlobalSection
	GlobalSection(NestedProjects) = preSolution
		{7F5F5134-00FE-4DE8-B20C-3DA8BA2EBA68} = {49386B8A-1FEC-4FFD-8565-E7372925961C}
		{DA859552-898C-4098-BE42-063BD7EE5394} = {49386B8A-1FEC-4FFD-8565-E7372925961C}
		{ADBCF120-3454-4A3C-9D1D-AC4293E795D6} = {CABF1020-B981-4D9C-AB79-409123D746CC}
		{56B9D0A9-44D3-488E-8B42-C14A6E30CAB2} = {91A9BE2D-F9A5-4C5C-8F12-C34F34967BA8}
	EndGlobalSection
EndGlobal
