Microsoft Visual Studio Solution File, Format Version 12.00
# Visual Studio 15
VisualStudioVersion = 15.0.26020.0
MinimumVisualStudioVersion = 10.0.40219.1
Project("{FAE04EC0-301F-11D3-BF4B-00C04F79EFBC}") = "System.Data.Odbc.Tests", "tests\FunctionalTests\System.Data.Odbc.Tests.csproj", "{F3E72F35-0351-4D67-2209-725BCAD807BA}"
	ProjectSection(ProjectDependencies) = postProject
		{1DD0FF15-6234-4BD6-850A-6A7F05479554} = {1DD0FF15-6234-4BD6-850A-6A7F05479554}
	EndProjectSection
EndProject
Project("{FAE04EC0-301F-11D3-BF4B-00C04F79EFBC}") = "System.Data.Odbc", "src\System.Data.Odbc.csproj", "{1DD0FF15-6234-4BD6-850A-6A7F05479554}"
EndProject
Project("{2150E333-8FDC-42A3-9474-1A3956D46DE8}") = "tests", "tests", "{998D94C7-D3B6-4478-9A37-FC2F51B01AAE}"
EndProject
Global
	GlobalSection(SolutionConfigurationPlatforms) = preSolution
		DebugNETCoreAppnetcoreapp-Unix|AnyCPU = DebugNETCoreAppnetcoreapp-Unix|AnyCPU
		DebugNETCoreAppnetcoreapp-Windows_NT|AnyCPU = DebugNETCoreAppnetcoreapp-Windows_NT|AnyCPU
		ReleaseNETCoreAppnetcoreapp-Unix|AnyCPU = ReleaseNETCoreAppnetcoreapp-Unix|AnyCPU
		ReleaseNETCoreAppnetcoreapp-Windows_NT|AnyCPU = ReleaseNETCoreAppnetcoreapp-Windows_NT|AnyCPU
		Unix_Debug|AnyCPU = Unix_Debug|AnyCPU
		Unix_Release|AnyCPU = Unix_Release|AnyCPU
		Windows_Debug|AnyCPU = Windows_Debug|AnyCPU
		Windows_Release|AnyCPU = Windows_Release|AnyCPU
	EndGlobalSection
	GlobalSection(ProjectConfigurationPlatforms) = postSolution
		{F3E72F35-0351-4D67-2209-725BCAD807BA}.DebugNETCoreAppnetcoreapp-Unix|AnyCPU.ActiveCfg = Windows_Release|Any CPU
		{F3E72F35-0351-4D67-2209-725BCAD807BA}.DebugNETCoreAppnetcoreapp-Unix|AnyCPU.Build.0 = Windows_Release|Any CPU
		{F3E72F35-0351-4D67-2209-725BCAD807BA}.DebugNETCoreAppnetcoreapp-Windows_NT|AnyCPU.ActiveCfg = Windows_Release|Any CPU
		{F3E72F35-0351-4D67-2209-725BCAD807BA}.DebugNETCoreAppnetcoreapp-Windows_NT|AnyCPU.Build.0 = Windows_Release|Any CPU
		{F3E72F35-0351-4D67-2209-725BCAD807BA}.ReleaseNETCoreAppnetcoreapp-Unix|AnyCPU.ActiveCfg = Windows_Release|Any CPU
		{F3E72F35-0351-4D67-2209-725BCAD807BA}.ReleaseNETCoreAppnetcoreapp-Unix|AnyCPU.Build.0 = Windows_Release|Any CPU
		{F3E72F35-0351-4D67-2209-725BCAD807BA}.ReleaseNETCoreAppnetcoreapp-Windows_NT|AnyCPU.ActiveCfg = Windows_Release|Any CPU
		{F3E72F35-0351-4D67-2209-725BCAD807BA}.ReleaseNETCoreAppnetcoreapp-Windows_NT|AnyCPU.Build.0 = Windows_Release|Any CPU
		{F3E72F35-0351-4D67-2209-725BCAD807BA}.Unix_Debug|AnyCPU.ActiveCfg = Unix_Debug|Any CPU
		{F3E72F35-0351-4D67-2209-725BCAD807BA}.Unix_Debug|AnyCPU.Build.0 = Unix_Debug|Any CPU
		{F3E72F35-0351-4D67-2209-725BCAD807BA}.Unix_Release|AnyCPU.ActiveCfg = Unix_Release|Any CPU
		{F3E72F35-0351-4D67-2209-725BCAD807BA}.Unix_Release|AnyCPU.Build.0 = Unix_Release|Any CPU
		{F3E72F35-0351-4D67-2209-725BCAD807BA}.Windows_Debug|AnyCPU.ActiveCfg = Windows_Debug|Any CPU
		{F3E72F35-0351-4D67-2209-725BCAD807BA}.Windows_Debug|AnyCPU.Build.0 = Windows_Debug|Any CPU
		{F3E72F35-0351-4D67-2209-725BCAD807BA}.Windows_Release|AnyCPU.ActiveCfg = Windows_Release|Any CPU
		{F3E72F35-0351-4D67-2209-725BCAD807BA}.Windows_Release|AnyCPU.Build.0 = Windows_Release|Any CPU
		{1DD0FF15-6234-4BD6-850A-6A7F05479554}.DebugNETCoreAppnetcoreapp-Unix|AnyCPU.ActiveCfg = net463-Windows_NT-Release|Any CPU
		{1DD0FF15-6234-4BD6-850A-6A7F05479554}.DebugNETCoreAppnetcoreapp-Unix|AnyCPU.Build.0 = net463-Windows_NT-Release|Any CPU
		{1DD0FF15-6234-4BD6-850A-6A7F05479554}.DebugNETCoreAppnetcoreapp-Windows_NT|AnyCPU.ActiveCfg = net463-Windows_NT-Release|Any CPU
		{1DD0FF15-6234-4BD6-850A-6A7F05479554}.DebugNETCoreAppnetcoreapp-Windows_NT|AnyCPU.Build.0 = net463-Windows_NT-Release|Any CPU
		{1DD0FF15-6234-4BD6-850A-6A7F05479554}.ReleaseNETCoreAppnetcoreapp-Unix|AnyCPU.ActiveCfg = net463-Windows_NT-Release|Any CPU
		{1DD0FF15-6234-4BD6-850A-6A7F05479554}.ReleaseNETCoreAppnetcoreapp-Unix|AnyCPU.Build.0 = net463-Windows_NT-Release|Any CPU
		{1DD0FF15-6234-4BD6-850A-6A7F05479554}.ReleaseNETCoreAppnetcoreapp-Windows_NT|AnyCPU.ActiveCfg = net463-Windows_NT-Release|Any CPU
		{1DD0FF15-6234-4BD6-850A-6A7F05479554}.ReleaseNETCoreAppnetcoreapp-Windows_NT|AnyCPU.Build.0 = net463-Windows_NT-Release|Any CPU
		{1DD0FF15-6234-4BD6-850A-6A7F05479554}.Unix_Debug|AnyCPU.ActiveCfg = net463-Windows_NT-Release|Any CPU
		{1DD0FF15-6234-4BD6-850A-6A7F05479554}.Unix_Debug|AnyCPU.Build.0 = net463-Windows_NT-Release|Any CPU
		{1DD0FF15-6234-4BD6-850A-6A7F05479554}.Unix_Release|AnyCPU.ActiveCfg = net463-Windows_NT-Release|Any CPU
		{1DD0FF15-6234-4BD6-850A-6A7F05479554}.Unix_Release|AnyCPU.Build.0 = net463-Windows_NT-Release|Any CPU
		{1DD0FF15-6234-4BD6-850A-6A7F05479554}.Windows_Debug|AnyCPU.ActiveCfg = net463-Windows_NT-Release|Any CPU
		{1DD0FF15-6234-4BD6-850A-6A7F05479554}.Windows_Debug|AnyCPU.Build.0 = net463-Windows_NT-Release|Any CPU
		{1DD0FF15-6234-4BD6-850A-6A7F05479554}.Windows_Release|AnyCPU.ActiveCfg = net463-Windows_NT-Release|Any CPU
		{1DD0FF15-6234-4BD6-850A-6A7F05479554}.Windows_Release|AnyCPU.Build.0 = net463-Windows_NT-Release|Any CPU
	EndGlobalSection
	GlobalSection(SolutionProperties) = preSolution
		HideSolutionNode = FALSE
	EndGlobalSection
	GlobalSection(NestedProjects) = preSolution
		{F3E72F35-0351-4D67-2209-725BCAD807BA} = {998D94C7-D3B6-4478-9A37-FC2F51B01AAE}
	EndGlobalSection
EndGlobal
